// !$*UTF8*$!
{
	archiveVersion = 1;
	classes = {
	};
	objectVersion = 56;
	objects = {

/* Begin PBXBuildFile section */
		EF08515F2AA68F2F004E2299 /* AudioListView.swift in Sources */ = {isa = PBXBuildFile; fileRef = EF08515E2AA68F2F004E2299 /* AudioListView.swift */; };
		EF0851612AA68F3F004E2299 /* AudioListViewModel.swift in Sources */ = {isa = PBXBuildFile; fileRef = EF0851602AA68F3F004E2299 /* AudioListViewModel.swift */; };
		EF0851672AA68F98004E2299 /* AudioDB.xcdatamodeld in Sources */ = {isa = PBXBuildFile; fileRef = EF0851652AA68F98004E2299 /* AudioDB.xcdatamodeld */; };
		EF08516A2AA68FF6004E2299 /* Persistence.swift in Sources */ = {isa = PBXBuildFile; fileRef = EF0851692AA68FF6004E2299 /* Persistence.swift */; };
		EF08516C2AA69021004E2299 /* AudioModel.swift in Sources */ = {isa = PBXBuildFile; fileRef = EF08516B2AA69021004E2299 /* AudioModel.swift */; };
		EF08516F2AA69099004E2299 /* CoredataServices.swift in Sources */ = {isa = PBXBuildFile; fileRef = EF08516E2AA69099004E2299 /* CoredataServices.swift */; };
		EF99FC3C2A8D7EBF00E5D34B /* AudioPlayerApp.swift in Sources */ = {isa = PBXBuildFile; fileRef = EF99FC3B2A8D7EBF00E5D34B /* AudioPlayerApp.swift */; };
		EF99FC3E2A8D7EBF00E5D34B /* ContentView.swift in Sources */ = {isa = PBXBuildFile; fileRef = EF99FC3D2A8D7EBF00E5D34B /* ContentView.swift */; };
		EF99FC402A8D7EC000E5D34B /* Assets.xcassets in Resources */ = {isa = PBXBuildFile; fileRef = EF99FC3F2A8D7EC000E5D34B /* Assets.xcassets */; };
		EF99FC432A8D7EC000E5D34B /* Preview Assets.xcassets in Resources */ = {isa = PBXBuildFile; fileRef = EF99FC422A8D7EC000E5D34B /* Preview Assets.xcassets */; };
		EFCEF8002AB3BC36008D003D /* AudioDataCore.swift in Sources */ = {isa = PBXBuildFile; fileRef = EFCEF7FF2AB3BC36008D003D /* AudioDataCore.swift */; };
		EFCEF8022AB3BCD5008D003D /* AudioPosProcessing.swift in Sources */ = {isa = PBXBuildFile; fileRef = EFCEF8012AB3BCD5008D003D /* AudioPosProcessing.swift */; };
		EFE9FEE42A8EE8D2009B1282 /* AudioPlayerView.swift in Sources */ = {isa = PBXBuildFile; fileRef = EFE9FEE32A8EE8D2009B1282 /* AudioPlayerView.swift */; };
		EFE9FEE62A8EE8DF009B1282 /* AudioRecorderView.swift in Sources */ = {isa = PBXBuildFile; fileRef = EFE9FEE52A8EE8DF009B1282 /* AudioRecorderView.swift */; };
		EFE9FEE82A8EF20E009B1282 /* AudioRecPlayView.swift in Sources */ = {isa = PBXBuildFile; fileRef = EFE9FEE72A8EF20E009B1282 /* AudioRecPlayView.swift */; };
		EFE9FEEC2A8EF2FA009B1282 /* AudioRecPlay.swift in Sources */ = {isa = PBXBuildFile; fileRef = EFE9FEEB2A8EF2FA009B1282 /* AudioRecPlay.swift */; };
		EFE9FEEE2A90249A009B1282 /* ACSignal.swift in Sources */ = {isa = PBXBuildFile; fileRef = EFE9FEED2A90249A009B1282 /* ACSignal.swift */; };
		EFE9FEF92A942130009B1282 /* AudioPlayer.swift in Sources */ = {isa = PBXBuildFile; fileRef = EFE9FEF82A942130009B1282 /* AudioPlayer.swift */; };
		EFE9FEFB2A94213A009B1282 /* AudioRecorder.swift in Sources */ = {isa = PBXBuildFile; fileRef = EFE9FEFA2A94213A009B1282 /* AudioRecorder.swift */; };
		EFE9FEFD2A942194009B1282 /* AudioSave.swift in Sources */ = {isa = PBXBuildFile; fileRef = EFE9FEFC2A942194009B1282 /* AudioSave.swift */; };
		EFE9FF002A942362009B1282 /* helpers.swift in Sources */ = {isa = PBXBuildFile; fileRef = EFE9FEFF2A942362009B1282 /* helpers.swift */; };
		EFE9FF042A942647009B1282 /* Constants.swift in Sources */ = {isa = PBXBuildFile; fileRef = EFE9FF032A942647009B1282 /* Constants.swift */; };
		EFE9FF062A956B87009B1282 /* intro.wav in Resources */ = {isa = PBXBuildFile; fileRef = EFE9FF052A956B87009B1282 /* intro.wav */; };
		EFE9FF082A956EE0009B1282 /* intro2.wav in Resources */ = {isa = PBXBuildFile; fileRef = EFE9FF072A956EE0009B1282 /* intro2.wav */; };
		EFE9FF0A2A9572D5009B1282 /* intro3.wav in Resources */ = {isa = PBXBuildFile; fileRef = EFE9FF092A9572D5009B1282 /* intro3.wav */; };
		EFE9FF0C2A957397009B1282 /* AnaliseAudio.swift in Sources */ = {isa = PBXBuildFile; fileRef = EFE9FF0B2A957397009B1282 /* AnaliseAudio.swift */; };
		EFE9FF0E2A958BFB009B1282 /* intro4.wav in Resources */ = {isa = PBXBuildFile; fileRef = EFE9FF0D2A958BFB009B1282 /* intro4.wav */; };
/* End PBXBuildFile section */

/* Begin PBXFileReference section */
		EF08515E2AA68F2F004E2299 /* AudioListView.swift */ = {isa = PBXFileReference; lastKnownFileType = sourcecode.swift; path = AudioListView.swift; sourceTree = "<group>"; };
		EF0851602AA68F3F004E2299 /* AudioListViewModel.swift */ = {isa = PBXFileReference; lastKnownFileType = sourcecode.swift; path = AudioListViewModel.swift; sourceTree = "<group>"; };
		EF0851662AA68F98004E2299 /* AudioDB.xcdatamodel */ = {isa = PBXFileReference; lastKnownFileType = wrapper.xcdatamodel; path = AudioDB.xcdatamodel; sourceTree = "<group>"; };
		EF0851692AA68FF6004E2299 /* Persistence.swift */ = {isa = PBXFileReference; lastKnownFileType = sourcecode.swift; path = Persistence.swift; sourceTree = "<group>"; };
		EF08516B2AA69021004E2299 /* AudioModel.swift */ = {isa = PBXFileReference; lastKnownFileType = sourcecode.swift; path = AudioModel.swift; sourceTree = "<group>"; };
		EF08516E2AA69099004E2299 /* CoredataServices.swift */ = {isa = PBXFileReference; lastKnownFileType = sourcecode.swift; path = CoredataServices.swift; sourceTree = "<group>"; };
		EF99FC382A8D7EBF00E5D34B /* AudioPlayer.app */ = {isa = PBXFileReference; explicitFileType = wrapper.application; includeInIndex = 0; path = AudioPlayer.app; sourceTree = BUILT_PRODUCTS_DIR; };
		EF99FC3B2A8D7EBF00E5D34B /* AudioPlayerApp.swift */ = {isa = PBXFileReference; lastKnownFileType = sourcecode.swift; path = AudioPlayerApp.swift; sourceTree = "<group>"; };
		EF99FC3D2A8D7EBF00E5D34B /* ContentView.swift */ = {isa = PBXFileReference; lastKnownFileType = sourcecode.swift; path = ContentView.swift; sourceTree = "<group>"; };
		EF99FC3F2A8D7EC000E5D34B /* Assets.xcassets */ = {isa = PBXFileReference; lastKnownFileType = folder.assetcatalog; path = Assets.xcassets; sourceTree = "<group>"; };
		EF99FC422A8D7EC000E5D34B /* Preview Assets.xcassets */ = {isa = PBXFileReference; lastKnownFileType = folder.assetcatalog; path = "Preview Assets.xcassets"; sourceTree = "<group>"; };
		EFCEF7FF2AB3BC36008D003D /* AudioDataCore.swift */ = {isa = PBXFileReference; lastKnownFileType = sourcecode.swift; path = AudioDataCore.swift; sourceTree = "<group>"; };
		EFCEF8012AB3BCD5008D003D /* AudioPosProcessing.swift */ = {isa = PBXFileReference; lastKnownFileType = sourcecode.swift; path = AudioPosProcessing.swift; sourceTree = "<group>"; };
		EFE9FEE32A8EE8D2009B1282 /* AudioPlayerView.swift */ = {isa = PBXFileReference; lastKnownFileType = sourcecode.swift; path = AudioPlayerView.swift; sourceTree = "<group>"; };
		EFE9FEE52A8EE8DF009B1282 /* AudioRecorderView.swift */ = {isa = PBXFileReference; lastKnownFileType = sourcecode.swift; path = AudioRecorderView.swift; sourceTree = "<group>"; };
		EFE9FEE72A8EF20E009B1282 /* AudioRecPlayView.swift */ = {isa = PBXFileReference; lastKnownFileType = sourcecode.swift; path = AudioRecPlayView.swift; sourceTree = "<group>"; };
		EFE9FEEB2A8EF2FA009B1282 /* AudioRecPlay.swift */ = {isa = PBXFileReference; lastKnownFileType = sourcecode.swift; path = AudioRecPlay.swift; sourceTree = "<group>"; };
		EFE9FEED2A90249A009B1282 /* ACSignal.swift */ = {isa = PBXFileReference; lastKnownFileType = sourcecode.swift; name = ACSignal.swift; path = ../../ACSignal.swift; sourceTree = "<group>"; };
		EFE9FEF82A942130009B1282 /* AudioPlayer.swift */ = {isa = PBXFileReference; lastKnownFileType = sourcecode.swift; path = AudioPlayer.swift; sourceTree = "<group>"; };
		EFE9FEFA2A94213A009B1282 /* AudioRecorder.swift */ = {isa = PBXFileReference; lastKnownFileType = sourcecode.swift; path = AudioRecorder.swift; sourceTree = "<group>"; };
		EFE9FEFC2A942194009B1282 /* AudioSave.swift */ = {isa = PBXFileReference; lastKnownFileType = sourcecode.swift; path = AudioSave.swift; sourceTree = "<group>"; };
		EFE9FEFF2A942362009B1282 /* helpers.swift */ = {isa = PBXFileReference; lastKnownFileType = sourcecode.swift; path = helpers.swift; sourceTree = "<group>"; };
		EFE9FF032A942647009B1282 /* Constants.swift */ = {isa = PBXFileReference; lastKnownFileType = sourcecode.swift; path = Constants.swift; sourceTree = "<group>"; };
		EFE9FF052A956B87009B1282 /* intro.wav */ = {isa = PBXFileReference; lastKnownFileType = audio.wav; path = intro.wav; sourceTree = "<group>"; };
		EFE9FF072A956EE0009B1282 /* intro2.wav */ = {isa = PBXFileReference; lastKnownFileType = audio.wav; path = intro2.wav; sourceTree = "<group>"; };
		EFE9FF092A9572D5009B1282 /* intro3.wav */ = {isa = PBXFileReference; lastKnownFileType = audio.wav; path = intro3.wav; sourceTree = "<group>"; };
		EFE9FF0B2A957397009B1282 /* AnaliseAudio.swift */ = {isa = PBXFileReference; lastKnownFileType = sourcecode.swift; path = AnaliseAudio.swift; sourceTree = "<group>"; };
		EFE9FF0D2A958BFB009B1282 /* intro4.wav */ = {isa = PBXFileReference; lastKnownFileType = audio.wav; path = intro4.wav; sourceTree = "<group>"; };
/* End PBXFileReference section */

/* Begin PBXFrameworksBuildPhase section */
		EF99FC352A8D7EBF00E5D34B /* Frameworks */ = {
			isa = PBXFrameworksBuildPhase;
			buildActionMask = 2147483647;
			files = (
			);
			runOnlyForDeploymentPostprocessing = 0;
		};
/* End PBXFrameworksBuildPhase section */

/* Begin PBXGroup section */
		EF0851682AA68FEB004E2299 /* Model */ = {
			isa = PBXGroup;
			children = (
				EF0851692AA68FF6004E2299 /* Persistence.swift */,
				EF08516B2AA69021004E2299 /* AudioModel.swift */,
				EFCEF7FF2AB3BC36008D003D /* AudioDataCore.swift */,
			);
			path = Model;
			sourceTree = "<group>";
		};
		EF08516D2AA69089004E2299 /* Services */ = {
			isa = PBXGroup;
			children = (
				EF08516E2AA69099004E2299 /* CoredataServices.swift */,
			);
			path = Services;
			sourceTree = "<group>";
		};
		EF99FC2F2A8D7EBF00E5D34B = {
			isa = PBXGroup;
			children = (
				EF0851652AA68F98004E2299 /* AudioDB.xcdatamodeld */,
				EF99FC3A2A8D7EBF00E5D34B /* AudioPlayer */,
				EF99FC392A8D7EBF00E5D34B /* Products */,
			);
			sourceTree = "<group>";
		};
		EF99FC392A8D7EBF00E5D34B /* Products */ = {
			isa = PBXGroup;
			children = (
				EF99FC382A8D7EBF00E5D34B /* AudioPlayer.app */,
			);
			name = Products;
			sourceTree = "<group>";
		};
		EF99FC3A2A8D7EBF00E5D34B /* AudioPlayer */ = {
			isa = PBXGroup;
			children = (
				EF08516D2AA69089004E2299 /* Services */,
				EF0851682AA68FEB004E2299 /* Model */,
				EF99FC3B2A8D7EBF00E5D34B /* AudioPlayerApp.swift */,
				EFE9FEEA2A8EF2DF009B1282 /* View */,
				EFE9FEFE2A94233E009B1282 /* Utils */,
				EFE9FEE92A8EF2B1009B1282 /* ViewModels */,
				EF99FC3D2A8D7EBF00E5D34B /* ContentView.swift */,
				EFE9FEE72A8EF20E009B1282 /* AudioRecPlayView.swift */,
				EF99FC3F2A8D7EC000E5D34B /* Assets.xcassets */,
				EF99FC412A8D7EC000E5D34B /* Preview Content */,
				EFE9FF052A956B87009B1282 /* intro.wav */,
				EFE9FF072A956EE0009B1282 /* intro2.wav */,
				EFE9FF092A9572D5009B1282 /* intro3.wav */,
				EFE9FF0D2A958BFB009B1282 /* intro4.wav */,
			);
			path = AudioPlayer;
			sourceTree = "<group>";
		};
		EF99FC412A8D7EC000E5D34B /* Preview Content */ = {
			isa = PBXGroup;
			children = (
				EF99FC422A8D7EC000E5D34B /* Preview Assets.xcassets */,
			);
			path = "Preview Content";
			sourceTree = "<group>";
		};
		EFE9FEE92A8EF2B1009B1282 /* ViewModels */ = {
			isa = PBXGroup;
			children = (
				EFE9FEFA2A94213A009B1282 /* AudioRecorder.swift */,
				EFE9FEF82A942130009B1282 /* AudioPlayer.swift */,
				EFE9FEEB2A8EF2FA009B1282 /* AudioRecPlay.swift */,
				EF0851602AA68F3F004E2299 /* AudioListViewModel.swift */,
				EFCEF8012AB3BCD5008D003D /* AudioPosProcessing.swift */,
			);
			path = ViewModels;
			sourceTree = "<group>";
		};
		EFE9FEEA2A8EF2DF009B1282 /* View */ = {
			isa = PBXGroup;
			children = (
				EFE9FEE52A8EE8DF009B1282 /* AudioRecorderView.swift */,
				EFE9FEE32A8EE8D2009B1282 /* AudioPlayerView.swift */,
				EF08515E2AA68F2F004E2299 /* AudioListView.swift */,
			);
			path = View;
			sourceTree = "<group>";
		};
		EFE9FEFE2A94233E009B1282 /* Utils */ = {
			isa = PBXGroup;
			children = (
				EFE9FEED2A90249A009B1282 /* ACSignal.swift */,
				EFE9FEFC2A942194009B1282 /* AudioSave.swift */,
				EFE9FEFF2A942362009B1282 /* helpers.swift */,
				EFE9FF032A942647009B1282 /* Constants.swift */,
				EFE9FF0B2A957397009B1282 /* AnaliseAudio.swift */,
			);
			path = Utils;
			sourceTree = "<group>";
		};
/* End PBXGroup section */

/* Begin PBXNativeTarget section */
		EF99FC372A8D7EBF00E5D34B /* AudioPlayer */ = {
			isa = PBXNativeTarget;
			buildConfigurationList = EF99FC462A8D7EC000E5D34B /* Build configuration list for PBXNativeTarget "AudioPlayer" */;
			buildPhases = (
				EF99FC342A8D7EBF00E5D34B /* Sources */,
				EF99FC352A8D7EBF00E5D34B /* Frameworks */,
				EF99FC362A8D7EBF00E5D34B /* Resources */,
			);
			buildRules = (
			);
			dependencies = (
			);
			name = AudioPlayer;
			productName = AudioPlayer;
			productReference = EF99FC382A8D7EBF00E5D34B /* AudioPlayer.app */;
			productType = "com.apple.product-type.application";
		};
/* End PBXNativeTarget section */

/* Begin PBXProject section */
		EF99FC302A8D7EBF00E5D34B /* Project object */ = {
			isa = PBXProject;
			attributes = {
				BuildIndependentTargetsInParallel = 1;
				LastSwiftUpdateCheck = 1430;
				LastUpgradeCheck = 1430;
				TargetAttributes = {
					EF99FC372A8D7EBF00E5D34B = {
						CreatedOnToolsVersion = 14.3.1;
					};
				};
			};
			buildConfigurationList = EF99FC332A8D7EBF00E5D34B /* Build configuration list for PBXProject "AudioPlayer" */;
			compatibilityVersion = "Xcode 14.0";
			developmentRegion = en;
			hasScannedForEncodings = 0;
			knownRegions = (
				en,
				Base,
			);
			mainGroup = EF99FC2F2A8D7EBF00E5D34B;
			productRefGroup = EF99FC392A8D7EBF00E5D34B /* Products */;
			projectDirPath = "";
			projectRoot = "";
			targets = (
				EF99FC372A8D7EBF00E5D34B /* AudioPlayer */,
			);
		};
/* End PBXProject section */

/* Begin PBXResourcesBuildPhase section */
		EF99FC362A8D7EBF00E5D34B /* Resources */ = {
			isa = PBXResourcesBuildPhase;
			buildActionMask = 2147483647;
			files = (
				EFE9FF0E2A958BFB009B1282 /* intro4.wav in Resources */,
				EFE9FF082A956EE0009B1282 /* intro2.wav in Resources */,
				EF99FC432A8D7EC000E5D34B /* Preview Assets.xcassets in Resources */,
				EFE9FF062A956B87009B1282 /* intro.wav in Resources */,
				EFE9FF0A2A9572D5009B1282 /* intro3.wav in Resources */,
				EF99FC402A8D7EC000E5D34B /* Assets.xcassets in Resources */,
			);
			runOnlyForDeploymentPostprocessing = 0;
		};
/* End PBXResourcesBuildPhase section */

/* Begin PBXSourcesBuildPhase section */
		EF99FC342A8D7EBF00E5D34B /* Sources */ = {
			isa = PBXSourcesBuildPhase;
			buildActionMask = 2147483647;
			files = (
				EFE9FEFB2A94213A009B1282 /* AudioRecorder.swift in Sources */,
				EFE9FF002A942362009B1282 /* helpers.swift in Sources */,
				EF08516A2AA68FF6004E2299 /* Persistence.swift in Sources */,
				EF0851612AA68F3F004E2299 /* AudioListViewModel.swift in Sources */,
				EFE9FEFD2A942194009B1282 /* AudioSave.swift in Sources */,
				EF0851672AA68F98004E2299 /* AudioDB.xcdatamodeld in Sources */,
				EF99FC3E2A8D7EBF00E5D34B /* ContentView.swift in Sources */,
				EFE9FEEE2A90249A009B1282 /* ACSignal.swift in Sources */,
				EF08516C2AA69021004E2299 /* AudioModel.swift in Sources */,
				EF08515F2AA68F2F004E2299 /* AudioListView.swift in Sources */,
				EFE9FEF92A942130009B1282 /* AudioPlayer.swift in Sources */,
				EF99FC3C2A8D7EBF00E5D34B /* AudioPlayerApp.swift in Sources */,
				EFE9FEE82A8EF20E009B1282 /* AudioRecPlayView.swift in Sources */,
				EFE9FEE42A8EE8D2009B1282 /* AudioPlayerView.swift in Sources */,
				EFE9FF0C2A957397009B1282 /* AnaliseAudio.swift in Sources */,
				EFCEF8002AB3BC36008D003D /* AudioDataCore.swift in Sources */,
				EFE9FEE62A8EE8DF009B1282 /* AudioRecorderView.swift in Sources */,
				EFCEF8022AB3BCD5008D003D /* AudioPosProcessing.swift in Sources */,
				EFE9FEEC2A8EF2FA009B1282 /* AudioRecPlay.swift in Sources */,
				EFE9FF042A942647009B1282 /* Constants.swift in Sources */,
				EF08516F2AA69099004E2299 /* CoredataServices.swift in Sources */,
			);
			runOnlyForDeploymentPostprocessing = 0;
		};
/* End PBXSourcesBuildPhase section */

/* Begin XCBuildConfiguration section */
		EF99FC442A8D7EC000E5D34B /* Debug */ = {
			isa = XCBuildConfiguration;
			buildSettings = {
				ALWAYS_SEARCH_USER_PATHS = NO;
				CLANG_ANALYZER_NONNULL = YES;
				CLANG_ANALYZER_NUMBER_OBJECT_CONVERSION = YES_AGGRESSIVE;
				CLANG_CXX_LANGUAGE_STANDARD = "gnu++20";
				CLANG_ENABLE_MODULES = YES;
				CLANG_ENABLE_OBJC_ARC = YES;
				CLANG_ENABLE_OBJC_WEAK = YES;
				CLANG_WARN_BLOCK_CAPTURE_AUTORELEASING = YES;
				CLANG_WARN_BOOL_CONVERSION = YES;
				CLANG_WARN_COMMA = YES;
				CLANG_WARN_CONSTANT_CONVERSION = YES;
				CLANG_WARN_DEPRECATED_OBJC_IMPLEMENTATIONS = YES;
				CLANG_WARN_DIRECT_OBJC_ISA_USAGE = YES_ERROR;
				CLANG_WARN_DOCUMENTATION_COMMENTS = YES;
				CLANG_WARN_EMPTY_BODY = YES;
				CLANG_WARN_ENUM_CONVERSION = YES;
				CLANG_WARN_INFINITE_RECURSION = YES;
				CLANG_WARN_INT_CONVERSION = YES;
				CLANG_WARN_NON_LITERAL_NULL_CONVERSION = YES;
				CLANG_WARN_OBJC_IMPLICIT_RETAIN_SELF = YES;
				CLANG_WARN_OBJC_LITERAL_CONVERSION = YES;
				CLANG_WARN_OBJC_ROOT_CLASS = YES_ERROR;
				CLANG_WARN_QUOTED_INCLUDE_IN_FRAMEWORK_HEADER = YES;
				CLANG_WARN_RANGE_LOOP_ANALYSIS = YES;
				CLANG_WARN_STRICT_PROTOTYPES = YES;
				CLANG_WARN_SUSPICIOUS_MOVE = YES;
				CLANG_WARN_UNGUARDED_AVAILABILITY = YES_AGGRESSIVE;
				CLANG_WARN_UNREACHABLE_CODE = YES;
				CLANG_WARN__DUPLICATE_METHOD_MATCH = YES;
				COPY_PHASE_STRIP = NO;
				DEBUG_INFORMATION_FORMAT = dwarf;
				ENABLE_STRICT_OBJC_MSGSEND = YES;
				ENABLE_TESTABILITY = YES;
				GCC_C_LANGUAGE_STANDARD = gnu11;
				GCC_DYNAMIC_NO_PIC = NO;
				GCC_NO_COMMON_BLOCKS = YES;
				GCC_OPTIMIZATION_LEVEL = 0;
				GCC_PREPROCESSOR_DEFINITIONS = (
					"DEBUG=1",
					"$(inherited)",
				);
				GCC_WARN_64_TO_32_BIT_CONVERSION = YES;
				GCC_WARN_ABOUT_RETURN_TYPE = YES_ERROR;
				GCC_WARN_UNDECLARED_SELECTOR = YES;
				GCC_WARN_UNINITIALIZED_AUTOS = YES_AGGRESSIVE;
				GCC_WARN_UNUSED_FUNCTION = YES;
				GCC_WARN_UNUSED_VARIABLE = YES;
				IPHONEOS_DEPLOYMENT_TARGET = 16.4;
				MTL_ENABLE_DEBUG_INFO = INCLUDE_SOURCE;
				MTL_FAST_MATH = YES;
				ONLY_ACTIVE_ARCH = YES;
				SDKROOT = iphoneos;
				SWIFT_ACTIVE_COMPILATION_CONDITIONS = DEBUG;
				SWIFT_OPTIMIZATION_LEVEL = "-Onone";
			};
			name = Debug;
		};
		EF99FC452A8D7EC000E5D34B /* Release */ = {
			isa = XCBuildConfiguration;
			buildSettings = {
				ALWAYS_SEARCH_USER_PATHS = NO;
				CLANG_ANALYZER_NONNULL = YES;
				CLANG_ANALYZER_NUMBER_OBJECT_CONVERSION = YES_AGGRESSIVE;
				CLANG_CXX_LANGUAGE_STANDARD = "gnu++20";
				CLANG_ENABLE_MODULES = YES;
				CLANG_ENABLE_OBJC_ARC = YES;
				CLANG_ENABLE_OBJC_WEAK = YES;
				CLANG_WARN_BLOCK_CAPTURE_AUTORELEASING = YES;
				CLANG_WARN_BOOL_CONVERSION = YES;
				CLANG_WARN_COMMA = YES;
				CLANG_WARN_CONSTANT_CONVERSION = YES;
				CLANG_WARN_DEPRECATED_OBJC_IMPLEMENTATIONS = YES;
				CLANG_WARN_DIRECT_OBJC_ISA_USAGE = YES_ERROR;
				CLANG_WARN_DOCUMENTATION_COMMENTS = YES;
				CLANG_WARN_EMPTY_BODY = YES;
				CLANG_WARN_ENUM_CONVERSION = YES;
				CLANG_WARN_INFINITE_RECURSION = YES;
				CLANG_WARN_INT_CONVERSION = YES;
				CLANG_WARN_NON_LITERAL_NULL_CONVERSION = YES;
				CLANG_WARN_OBJC_IMPLICIT_RETAIN_SELF = YES;
				CLANG_WARN_OBJC_LITERAL_CONVERSION = YES;
				CLANG_WARN_OBJC_ROOT_CLASS = YES_ERROR;
				CLANG_WARN_QUOTED_INCLUDE_IN_FRAMEWORK_HEADER = YES;
				CLANG_WARN_RANGE_LOOP_ANALYSIS = YES;
				CLANG_WARN_STRICT_PROTOTYPES = YES;
				CLANG_WARN_SUSPICIOUS_MOVE = YES;
				CLANG_WARN_UNGUARDED_AVAILABILITY = YES_AGGRESSIVE;
				CLANG_WARN_UNREACHABLE_CODE = YES;
				CLANG_WARN__DUPLICATE_METHOD_MATCH = YES;
				COPY_PHASE_STRIP = NO;
				DEBUG_INFORMATION_FORMAT = "dwarf-with-dsym";
				ENABLE_NS_ASSERTIONS = NO;
				ENABLE_STRICT_OBJC_MSGSEND = YES;
				GCC_C_LANGUAGE_STANDARD = gnu11;
				GCC_NO_COMMON_BLOCKS = YES;
				GCC_WARN_64_TO_32_BIT_CONVERSION = YES;
				GCC_WARN_ABOUT_RETURN_TYPE = YES_ERROR;
				GCC_WARN_UNDECLARED_SELECTOR = YES;
				GCC_WARN_UNINITIALIZED_AUTOS = YES_AGGRESSIVE;
				GCC_WARN_UNUSED_FUNCTION = YES;
				GCC_WARN_UNUSED_VARIABLE = YES;
				IPHONEOS_DEPLOYMENT_TARGET = 16.4;
				MTL_ENABLE_DEBUG_INFO = NO;
				MTL_FAST_MATH = YES;
				SDKROOT = iphoneos;
				SWIFT_COMPILATION_MODE = wholemodule;
				SWIFT_OPTIMIZATION_LEVEL = "-O";
				VALIDATE_PRODUCT = YES;
			};
			name = Release;
		};
		EF99FC472A8D7EC000E5D34B /* Debug */ = {
			isa = XCBuildConfiguration;
			buildSettings = {
				ASSETCATALOG_COMPILER_APPICON_NAME = AppIcon;
				ASSETCATALOG_COMPILER_GLOBAL_ACCENT_COLOR_NAME = AccentColor;
				CODE_SIGN_STYLE = Automatic;
				CURRENT_PROJECT_VERSION = 1;
				DEVELOPMENT_ASSET_PATHS = "\"AudioPlayer/Preview Content\"";
				DEVELOPMENT_TEAM = 946GUN522X;
				ENABLE_PREVIEWS = YES;
				GENERATE_INFOPLIST_FILE = YES;
				INFOPLIST_KEY_NSMicrophoneUsageDescription = NSMicrophoneUsageDescription;
				INFOPLIST_KEY_UIApplicationSceneManifest_Generation = YES;
				INFOPLIST_KEY_UIApplicationSupportsIndirectInputEvents = YES;
				INFOPLIST_KEY_UILaunchScreen_Generation = YES;
				INFOPLIST_KEY_UISupportedInterfaceOrientations_iPad = "UIInterfaceOrientationPortrait UIInterfaceOrientationPortraitUpsideDown UIInterfaceOrientationLandscapeLeft UIInterfaceOrientationLandscapeRight";
				INFOPLIST_KEY_UISupportedInterfaceOrientations_iPhone = "UIInterfaceOrientationPortrait UIInterfaceOrientationLandscapeLeft UIInterfaceOrientationLandscapeRight";
				LD_RUNPATH_SEARCH_PATHS = (
					"$(inherited)",
					"@executable_path/Frameworks",
				);
				MARKETING_VERSION = 1.0;
				PRODUCT_BUNDLE_IDENTIFIER = com.joaocanuto.AudioPlayer;
				PRODUCT_NAME = "$(TARGET_NAME)";
				SWIFT_EMIT_LOC_STRINGS = YES;
				SWIFT_VERSION = 5.0;
				TARGETED_DEVICE_FAMILY = "1,2";
			};
			name = Debug;
		};
		EF99FC482A8D7EC000E5D34B /* Release */ = {
			isa = XCBuildConfiguration;
			buildSettings = {
				ASSETCATALOG_COMPILER_APPICON_NAME = AppIcon;
				ASSETCATALOG_COMPILER_GLOBAL_ACCENT_COLOR_NAME = AccentColor;
				CODE_SIGN_STYLE = Automatic;
				CURRENT_PROJECT_VERSION = 1;
				DEVELOPMENT_ASSET_PATHS = "\"AudioPlayer/Preview Content\"";
				DEVELOPMENT_TEAM = 946GUN522X;
				ENABLE_PREVIEWS = YES;
				GENERATE_INFOPLIST_FILE = YES;
				INFOPLIST_KEY_NSMicrophoneUsageDescription = NSMicrophoneUsageDescription;
				INFOPLIST_KEY_UIApplicationSceneManifest_Generation = YES;
				INFOPLIST_KEY_UIApplicationSupportsIndirectInputEvents = YES;
				INFOPLIST_KEY_UILaunchScreen_Generation = YES;
				INFOPLIST_KEY_UISupportedInterfaceOrientations_iPad = "UIInterfaceOrientationPortrait UIInterfaceOrientationPortraitUpsideDown UIInterfaceOrientationLandscapeLeft UIInterfaceOrientationLandscapeRight";
				INFOPLIST_KEY_UISupportedInterfaceOrientations_iPhone = "UIInterfaceOrientationPortrait UIInterfaceOrientationLandscapeLeft UIInterfaceOrientationLandscapeRight";
				LD_RUNPATH_SEARCH_PATHS = (
					"$(inherited)",
					"@executable_path/Frameworks",
				);
				MARKETING_VERSION = 1.0;
				PRODUCT_BUNDLE_IDENTIFIER = com.joaocanuto.AudioPlayer;
				PRODUCT_NAME = "$(TARGET_NAME)";
				SWIFT_EMIT_LOC_STRINGS = YES;
				SWIFT_VERSION = 5.0;
				TARGETED_DEVICE_FAMILY = "1,2";
			};
			name = Release;
		};
/* End XCBuildConfiguration section */

/* Begin XCConfigurationList section */
		EF99FC332A8D7EBF00E5D34B /* Build configuration list for PBXProject "AudioPlayer" */ = {
			isa = XCConfigurationList;
			buildConfigurations = (
				EF99FC442A8D7EC000E5D34B /* Debug */,
				EF99FC452A8D7EC000E5D34B /* Release */,
			);
			defaultConfigurationIsVisible = 0;
			defaultConfigurationName = Release;
		};
		EF99FC462A8D7EC000E5D34B /* Build configuration list for PBXNativeTarget "AudioPlayer" */ = {
			isa = XCConfigurationList;
			buildConfigurations = (
				EF99FC472A8D7EC000E5D34B /* Debug */,
				EF99FC482A8D7EC000E5D34B /* Release */,
			);
			defaultConfigurationIsVisible = 0;
			defaultConfigurationName = Release;
		};
/* End XCConfigurationList section */

/* Begin XCVersionGroup section */
		EF0851652AA68F98004E2299 /* AudioDB.xcdatamodeld */ = {
			isa = XCVersionGroup;
			children = (
				EF0851662AA68F98004E2299 /* AudioDB.xcdatamodel */,
			);
			currentVersion = EF0851662AA68F98004E2299 /* AudioDB.xcdatamodel */;
			path = AudioDB.xcdatamodeld;
			sourceTree = "<group>";
			versionGroupType = wrapper.xcdatamodel;
		};
/* End XCVersionGroup section */
	};
	rootObject = EF99FC302A8D7EBF00E5D34B /* Project object */;
}
